
Microsoft Visual Studio Solution File, Format Version 12.00
# Visual Studio Version 16
VisualStudioVersion = 16.0.31515.178
MinimumVisualStudioVersion = 10.0.40219.1
Project("{888888A0-9F3D-457C-B088-3A5042F75D52}") = "Country", "Country.pyproj", "{8CDF1C92-BE1A-438B-B0C7-D688B54F2D53}"
EndProject
Global
	GlobalSection(SolutionConfigurationPlatforms) = preSolution
		Debug|Any CPU = Debug|Any CPU
		Release|Any CPU = Release|Any CPU
	EndGlobalSection
	GlobalSection(ProjectConfigurationPlatforms) = postSolution
		{8CDF1C92-BE1A-438B-B0C7-D688B54F2D53}.Debug|Any CPU.ActiveCfg = Debug|Any CPU
		{8CDF1C92-BE1A-438B-B0C7-D688B54F2D53}.Release|Any CPU.ActiveCfg = Release|Any CPU
	EndGlobalSection
	GlobalSection(SolutionProperties) = preSolution
		HideSolutionNode = FALSE
	EndGlobalSection
	GlobalSection(ExtensibilityGlobals) = postSolution
		SolutionGuid = {DFBB02CD-333C-4835-9D78-C1FE248B7E54}
	EndGlobalSection
EndGlobal
